
Microsoft Visual Studio Solution File, Format Version 12.00
# Visual Studio Version 16
VisualStudioVersion = 16.0.28917.181
MinimumVisualStudioVersion = 10.0.40219.1
Project("{2150E333-8FDC-42A3-9474-1A3956D46DE8}") = "Solution Items", "Solution Items", "{09E89B85-6C9C-4D12-920F-D4F71AEFEF9F}"
	ProjectSection(SolutionItems) = preProject
		index.html = index.html
		main.css = main.css
		image1.jpeg = image1.jpeg
		image1sat.jpeg = image1sat.jpeg
		image3.jpeg = image3.jpeg
		image2.jpeg = image2.jpeg
		people.html = people.html
		image6.jpeg = image6.jpeg
	EndProjectSection
EndProject
Global
	GlobalSection(SolutionProperties) = preSolution
		HideSolutionNode = FALSE
	EndGlobalSection
	GlobalSection(ExtensibilityGlobals) = postSolution
		SolutionGuid = {243D461D-DC75-48EB-BAA2-6208FF38E481}
	EndGlobalSection
EndGlobal
